{
	"name": "@acryps/page-default-directives",
	"version": "1.1.4",
	"lockfileVersion": 2,
	"requires": true,
	"packages": {
		"": {
			"name": "@acryps/page-default-directives",
			"version": "1.1.4",
			"devDependencies": {
				"typescript": "^4.6.4"
			},
			"peerDependencies": {
				"@acryps/page": "^1.0.2"
			}
		},
		"../page": {
			"name": "@acryps/page",
			"version": "1.0.3",
			"license": "GPL-3.0-only",
			"peer": true,
			"dependencies": {
				"espree": "^9.3.2",
				"estraverse": "^5.3.0"
			},
			"bin": {
				"page": "bin/page.js"
			},
			"devDependencies": {
				"@types/node": "^17.0.35"
			}
		},
		"node_modules/@acryps/page": {
			"resolved": "../page",
			"link": true
		},
		"node_modules/typescript": {
			"version": "4.9.5",
			"resolved": "https://registry.npmjs.org/typescript/-/typescript-4.9.5.tgz",
			"integrity": "sha512-1FXk9E2Hm+QzZQ7z+McJiHL4NW1F2EzMu9Nq9i3zAaGqibafqYwCVU6WyWAuyQRRzOlxou8xZSyXLEN8oKj24g==",
			"dev": true,
			"bin": {
				"tsc": "bin/tsc",
				"tsserver": "bin/tsserver"
			},
			"engines": {
				"node": ">=4.2.0"
			}
		}
	},
	"dependencies": {
		"@acryps/page": {
			"version": "file:../page",
			"requires": {
				"@types/node": "^17.0.35",
				"espree": "^9.3.2",
				"estraverse": "^5.3.0"
			}
		},
		"typescript": {
			"version": "4.9.5",
			"resolved": "https://registry.npmjs.org/typescript/-/typescript-4.9.5.tgz",
			"integrity": "sha512-1FXk9E2Hm+QzZQ7z+McJiHL4NW1F2EzMu9Nq9i3zAaGqibafqYwCVU6WyWAuyQRRzOlxou8xZSyXLEN8oKj24g==",
			"dev": true
		}
	}
}
